// !$*UTF8*$!
{
	archiveVersion = 1;
	classes = {
	};
	objectVersion = 51;
	objects = {

/* Begin PBXBuildFile section */
		C2B94C2D1ECD2D9F9D824007 /* Pods_saoriChef.framework in Frameworks */ = {isa = PBXBuildFile; fileRef = C4CCB0C2D3E92DEA4EBF2AA0 /* Pods_saoriChef.framework */; };
		EE2175EC23B756FE0097CDB7 /* MainModel.swift in Sources */ = {isa = PBXBuildFile; fileRef = EE2175EB23B756FE0097CDB7 /* MainModel.swift */; };
		EEB2798B23B633260048933B /* AppDelegate.swift in Sources */ = {isa = PBXBuildFile; fileRef = EEB2798A23B633260048933B /* AppDelegate.swift */; };
		EEB2798D23B633260048933B /* SceneDelegate.swift in Sources */ = {isa = PBXBuildFile; fileRef = EEB2798C23B633260048933B /* SceneDelegate.swift */; };
		EEB2799223B633260048933B /* Main.storyboard in Resources */ = {isa = PBXBuildFile; fileRef = EEB2799023B633260048933B /* Main.storyboard */; };
		EEB2799423B6332C0048933B /* Assets.xcassets in Resources */ = {isa = PBXBuildFile; fileRef = EEB2799323B6332C0048933B /* Assets.xcassets */; };
		EEB279A923B635DD0048933B /* LoginViewController.swift in Sources */ = {isa = PBXBuildFile; fileRef = EEB279A823B635DD0048933B /* LoginViewController.swift */; };
		EEB279AC23B635FF0048933B /* LoginView.swift in Sources */ = {isa = PBXBuildFile; fileRef = EEB279AB23B635FF0048933B /* LoginView.swift */; };
		EEB279AE23B6360D0048933B /* LoginView.xib in Resources */ = {isa = PBXBuildFile; fileRef = EEB279AD23B6360D0048933B /* LoginView.xib */; };
		EEB279B423B643F20048933B /* MainViewController.swift in Sources */ = {isa = PBXBuildFile; fileRef = EEB279B323B643F20048933B /* MainViewController.swift */; };
		EEB279B723B6441A0048933B /* MainView.swift in Sources */ = {isa = PBXBuildFile; fileRef = EEB279B623B6441A0048933B /* MainView.swift */; };
		EEB279B923B644B60048933B /* MainView.xib in Resources */ = {isa = PBXBuildFile; fileRef = EEB279B823B644B60048933B /* MainView.xib */; };
/* End PBXBuildFile section */

/* Begin PBXFileReference section */
		8DCE627B101CEB6C57112781 /* Pods-saoriChef.debug.xcconfig */ = {isa = PBXFileReference; includeInIndex = 1; lastKnownFileType = text.xcconfig; name = "Pods-saoriChef.debug.xcconfig"; path = "Target Support Files/Pods-saoriChef/Pods-saoriChef.debug.xcconfig"; sourceTree = "<group>"; };
		B3E4476B3CF0B3706E65D46C /* Pods-saoriChef.release.xcconfig */ = {isa = PBXFileReference; includeInIndex = 1; lastKnownFileType = text.xcconfig; name = "Pods-saoriChef.release.xcconfig"; path = "Target Support Files/Pods-saoriChef/Pods-saoriChef.release.xcconfig"; sourceTree = "<group>"; };
		C4CCB0C2D3E92DEA4EBF2AA0 /* Pods_saoriChef.framework */ = {isa = PBXFileReference; explicitFileType = wrapper.framework; includeInIndex = 0; path = Pods_saoriChef.framework; sourceTree = BUILT_PRODUCTS_DIR; };
		EE2175EB23B756FE0097CDB7 /* MainModel.swift */ = {isa = PBXFileReference; lastKnownFileType = sourcecode.swift; path = MainModel.swift; sourceTree = "<group>"; };
		EEB2798723B633260048933B /* saoriChef.app */ = {isa = PBXFileReference; explicitFileType = wrapper.application; includeInIndex = 0; path = saoriChef.app; sourceTree = BUILT_PRODUCTS_DIR; };
		EEB2798A23B633260048933B /* AppDelegate.swift */ = {isa = PBXFileReference; lastKnownFileType = sourcecode.swift; path = AppDelegate.swift; sourceTree = "<group>"; };
		EEB2798C23B633260048933B /* SceneDelegate.swift */ = {isa = PBXFileReference; lastKnownFileType = sourcecode.swift; path = SceneDelegate.swift; sourceTree = "<group>"; };
		EEB2799123B633260048933B /* Base */ = {isa = PBXFileReference; lastKnownFileType = file.storyboard; name = Base; path = Base.lproj/Main.storyboard; sourceTree = "<group>"; };
		EEB2799323B6332C0048933B /* Assets.xcassets */ = {isa = PBXFileReference; lastKnownFileType = folder.assetcatalog; path = Assets.xcassets; sourceTree = "<group>"; };
		EEB2799823B6332C0048933B /* Info.plist */ = {isa = PBXFileReference; lastKnownFileType = text.plist.xml; path = Info.plist; sourceTree = "<group>"; };
		EEB279A823B635DD0048933B /* LoginViewController.swift */ = {isa = PBXFileReference; lastKnownFileType = sourcecode.swift; path = LoginViewController.swift; sourceTree = "<group>"; };
		EEB279AB23B635FF0048933B /* LoginView.swift */ = {isa = PBXFileReference; lastKnownFileType = sourcecode.swift; path = LoginView.swift; sourceTree = "<group>"; };
		EEB279AD23B6360D0048933B /* LoginView.xib */ = {isa = PBXFileReference; lastKnownFileType = file.xib; path = LoginView.xib; sourceTree = "<group>"; };
		EEB279B323B643F20048933B /* MainViewController.swift */ = {isa = PBXFileReference; lastKnownFileType = sourcecode.swift; path = MainViewController.swift; sourceTree = "<group>"; };
		EEB279B623B6441A0048933B /* MainView.swift */ = {isa = PBXFileReference; lastKnownFileType = sourcecode.swift; path = MainView.swift; sourceTree = "<group>"; };
		EEB279B823B644B60048933B /* MainView.xib */ = {isa = PBXFileReference; lastKnownFileType = file.xib; path = MainView.xib; sourceTree = "<group>"; };
/* End PBXFileReference section */

/* Begin PBXFrameworksBuildPhase section */
		EEB2798423B633260048933B /* Frameworks */ = {
			isa = PBXFrameworksBuildPhase;
			buildActionMask = 2147483647;
			files = (
				C2B94C2D1ECD2D9F9D824007 /* Pods_saoriChef.framework in Frameworks */,
			);
			runOnlyForDeploymentPostprocessing = 0;
		};
/* End PBXFrameworksBuildPhase section */

/* Begin PBXGroup section */
		614378BE91DCBD0A72A3CFD3 /* Frameworks */ = {
			isa = PBXGroup;
			children = (
				C4CCB0C2D3E92DEA4EBF2AA0 /* Pods_saoriChef.framework */,
			);
			name = Frameworks;
			sourceTree = "<group>";
		};
		8028F82A0DAD1399D8F260B6 /* Pods */ = {
			isa = PBXGroup;
			children = (
				8DCE627B101CEB6C57112781 /* Pods-saoriChef.debug.xcconfig */,
				B3E4476B3CF0B3706E65D46C /* Pods-saoriChef.release.xcconfig */,
			);
			path = Pods;
			sourceTree = "<group>";
		};
		EEB2797E23B633260048933B = {
			isa = PBXGroup;
			children = (
				EEB2798923B633260048933B /* saoriChef */,
				EEB2798823B633260048933B /* Products */,
				8028F82A0DAD1399D8F260B6 /* Pods */,
				614378BE91DCBD0A72A3CFD3 /* Frameworks */,
			);
			sourceTree = "<group>";
		};
		EEB2798823B633260048933B /* Products */ = {
			isa = PBXGroup;
			children = (
				EEB2798723B633260048933B /* saoriChef.app */,
			);
			name = Products;
			sourceTree = "<group>";
		};
		EEB2798923B633260048933B /* saoriChef */ = {
			isa = PBXGroup;
			children = (
				EEB279AF23B637430048933B /* Resource */,
				EEB2799F23B635430048933B /* Entity */,
				EEB2799E23B635330048933B /* Class */,
				EEB2798A23B633260048933B /* AppDelegate.swift */,
				EEB2798C23B633260048933B /* SceneDelegate.swift */,
				EEB2799023B633260048933B /* Main.storyboard */,
				EEB2799323B6332C0048933B /* Assets.xcassets */,
				EEB2799823B6332C0048933B /* Info.plist */,
			);
			path = saoriChef;
			sourceTree = "<group>";
		};
		EEB2799E23B635330048933B /* Class */ = {
			isa = PBXGroup;
			children = (
				EEB279A123B6356E0048933B /* Main */,
				EEB279A023B635580048933B /* Login */,
			);
			path = Class;
			sourceTree = "<group>";
		};
		EEB2799F23B635430048933B /* Entity */ = {
			isa = PBXGroup;
			children = (
			);
			path = Entity;
			sourceTree = "<group>";
		};
		EEB279A023B635580048933B /* Login */ = {
			isa = PBXGroup;
			children = (
				EEB279A723B635BE0048933B /* Model */,
				EEB279A623B635B80048933B /* View */,
				EEB279A523B635AD0048933B /* Controller */,
			);
			path = Login;
			sourceTree = "<group>";
		};
		EEB279A123B6356E0048933B /* Main */ = {
			isa = PBXGroup;
			children = (
				EEB279B223B643AC0048933B /* Controller */,
				EEB279B023B6439B0048933B /* Model */,
				EEB279B123B643A50048933B /* View */,
			);
			path = Main;
			sourceTree = "<group>";
		};
		EEB279A523B635AD0048933B /* Controller */ = {
			isa = PBXGroup;
			children = (
				EEB279A823B635DD0048933B /* LoginViewController.swift */,
			);
			path = Controller;
			sourceTree = "<group>";
		};
		EEB279A623B635B80048933B /* View */ = {
			isa = PBXGroup;
			children = (
				EEB279AB23B635FF0048933B /* LoginView.swift */,
				EEB279AD23B6360D0048933B /* LoginView.xib */,
			);
			path = View;
			sourceTree = "<group>";
		};
		EEB279A723B635BE0048933B /* Model */ = {
			isa = PBXGroup;
			children = (
			);
			path = Model;
			sourceTree = "<group>";
		};
		EEB279AF23B637430048933B /* Resource */ = {
			isa = PBXGroup;
			children = (
			);
			path = Resource;
			sourceTree = "<group>";
		};
		EEB279B023B6439B0048933B /* Model */ = {
			isa = PBXGroup;
			children = (
				EE2175EB23B756FE0097CDB7 /* MainModel.swift */,
			);
			path = Model;
			sourceTree = "<group>";
		};
		EEB279B123B643A50048933B /* View */ = {
			isa = PBXGroup;
			children = (
				EEB279B623B6441A0048933B /* MainView.swift */,
				EEB279B823B644B60048933B /* MainView.xib */,
			);
			path = View;
			sourceTree = "<group>";
		};
		EEB279B223B643AC0048933B /* Controller */ = {
			isa = PBXGroup;
			children = (
				EEB279B323B643F20048933B /* MainViewController.swift */,
			);
			path = Controller;
			sourceTree = "<group>";
		};
/* End PBXGroup section */

/* Begin PBXNativeTarget section */
		EEB2798623B633260048933B /* saoriChef */ = {
			isa = PBXNativeTarget;
			buildConfigurationList = EEB2799B23B6332C0048933B /* Build configuration list for PBXNativeTarget "saoriChef" */;
			buildPhases = (
				5D5C15EEAAD7A22A2CA01752 /* [CP] Check Pods Manifest.lock */,
				EEB2798323B633260048933B /* Sources */,
				EEB2798423B633260048933B /* Frameworks */,
				EEB2798523B633260048933B /* Resources */,
				4981CFF3886A084961838E52 /* [CP] Embed Pods Frameworks */,
			);
			buildRules = (
			);
			dependencies = (
			);
			name = saoriChef;
			productName = Kakeibo;
			productReference = EEB2798723B633260048933B /* saoriChef.app */;
			productType = "com.apple.product-type.application";
		};
/* End PBXNativeTarget section */

/* Begin PBXProject section */
		EEB2797F23B633260048933B /* Project object */ = {
			isa = PBXProject;
			attributes = {
				LastSwiftUpdateCheck = 1120;
				LastUpgradeCheck = 1120;
				ORGANIZATIONNAME = "長沼 真宏";
				TargetAttributes = {
					EEB2798623B633260048933B = {
						CreatedOnToolsVersion = 11.2.1;
					};
				};
			};
			buildConfigurationList = EEB2798223B633260048933B /* Build configuration list for PBXProject "saoriChef" */;
			compatibilityVersion = "Xcode 9.3";
			developmentRegion = en;
			hasScannedForEncodings = 0;
			knownRegions = (
				en,
				Base,
			);
			mainGroup = EEB2797E23B633260048933B;
			productRefGroup = EEB2798823B633260048933B /* Products */;
			projectDirPath = "";
			projectRoot = "";
			targets = (
				EEB2798623B633260048933B /* saoriChef */,
			);
		};
/* End PBXProject section */

/* Begin PBXResourcesBuildPhase section */
		EEB2798523B633260048933B /* Resources */ = {
			isa = PBXResourcesBuildPhase;
			buildActionMask = 2147483647;
			files = (
				EEB2799423B6332C0048933B /* Assets.xcassets in Resources */,
				EEB279B923B644B60048933B /* MainView.xib in Resources */,
				EEB279AE23B6360D0048933B /* LoginView.xib in Resources */,
				EEB2799223B633260048933B /* Main.storyboard in Resources */,
			);
			runOnlyForDeploymentPostprocessing = 0;
		};
/* End PBXResourcesBuildPhase section */

/* Begin PBXShellScriptBuildPhase section */
		4981CFF3886A084961838E52 /* [CP] Embed Pods Frameworks */ = {
			isa = PBXShellScriptBuildPhase;
			buildActionMask = 2147483647;
			files = (
			);
			inputFileListPaths = (
				"${PODS_ROOT}/Target Support Files/Pods-saoriChef/Pods-saoriChef-frameworks-${CONFIGURATION}-input-files.xcfilelist",
			);
			name = "[CP] Embed Pods Frameworks";
			outputFileListPaths = (
				"${PODS_ROOT}/Target Support Files/Pods-saoriChef/Pods-saoriChef-frameworks-${CONFIGURATION}-output-files.xcfilelist",
			);
			runOnlyForDeploymentPostprocessing = 0;
			shellPath = /bin/sh;
			shellScript = "\"${PODS_ROOT}/Target Support Files/Pods-saoriChef/Pods-saoriChef-frameworks.sh\"\n";
			showEnvVarsInLog = 0;
		};
		5D5C15EEAAD7A22A2CA01752 /* [CP] Check Pods Manifest.lock */ = {
			isa = PBXShellScriptBuildPhase;
			buildActionMask = 2147483647;
			files = (
			);
			inputFileListPaths = (
			);
			inputPaths = (
				"${PODS_PODFILE_DIR_PATH}/Podfile.lock",
				"${PODS_ROOT}/Manifest.lock",
			);
			name = "[CP] Check Pods Manifest.lock";
			outputFileListPaths = (
			);
			outputPaths = (
				"$(DERIVED_FILE_DIR)/Pods-saoriChef-checkManifestLockResult.txt",
			);
			runOnlyForDeploymentPostprocessing = 0;
			shellPath = /bin/sh;
			shellScript = "diff \"${PODS_PODFILE_DIR_PATH}/Podfile.lock\" \"${PODS_ROOT}/Manifest.lock\" > /dev/null\nif [ $? != 0 ] ; then\n    # print error to STDERR\n    echo \"error: The sandbox is not in sync with the Podfile.lock. Run 'pod install' or update your CocoaPods installation.\" >&2\n    exit 1\nfi\n# This output is used by Xcode 'outputs' to avoid re-running this script phase.\necho \"SUCCESS\" > \"${SCRIPT_OUTPUT_FILE_0}\"\n";
			showEnvVarsInLog = 0;
		};
/* End PBXShellScriptBuildPhase section */

/* Begin PBXSourcesBuildPhase section */
		EEB2798323B633260048933B /* Sources */ = {
			isa = PBXSourcesBuildPhase;
			buildActionMask = 2147483647;
			files = (
				EE2175EC23B756FE0097CDB7 /* MainModel.swift in Sources */,
				EEB279A923B635DD0048933B /* LoginViewController.swift in Sources */,
				EEB279B723B6441A0048933B /* MainView.swift in Sources */,
				EEB2798B23B633260048933B /* AppDelegate.swift in Sources */,
				EEB279AC23B635FF0048933B /* LoginView.swift in Sources */,
				EEB2798D23B633260048933B /* SceneDelegate.swift in Sources */,
				EEB279B423B643F20048933B /* MainViewController.swift in Sources */,
			);
			runOnlyForDeploymentPostprocessing = 0;
		};
/* End PBXSourcesBuildPhase section */

/* Begin PBXVariantGroup section */
		EEB2799023B633260048933B /* Main.storyboard */ = {
			isa = PBXVariantGroup;
			children = (
				EEB2799123B633260048933B /* Base */,
			);
			name = Main.storyboard;
			sourceTree = "<group>";
		};
/* End PBXVariantGroup section */

/* Begin XCBuildConfiguration section */
		EEB2799923B6332C0048933B /* Debug */ = {
			isa = XCBuildConfiguration;
			buildSettings = {
				ALWAYS_SEARCH_USER_PATHS = NO;
				CLANG_ANALYZER_NONNULL = YES;
				CLANG_ANALYZER_NUMBER_OBJECT_CONVERSION = YES_AGGRESSIVE;
				CLANG_CXX_LANGUAGE_STANDARD = "gnu++14";
				CLANG_CXX_LIBRARY = "libc++";
				CLANG_ENABLE_MODULES = YES;
				CLANG_ENABLE_OBJC_ARC = YES;
				CLANG_ENABLE_OBJC_WEAK = YES;
				CLANG_WARN_BLOCK_CAPTURE_AUTORELEASING = YES;
				CLANG_WARN_BOOL_CONVERSION = YES;
				CLANG_WARN_COMMA = YES;
				CLANG_WARN_CONSTANT_CONVERSION = YES;
				CLANG_WARN_DEPRECATED_OBJC_IMPLEMENTATIONS = YES;
				CLANG_WARN_DIRECT_OBJC_ISA_USAGE = YES_ERROR;
				CLANG_WARN_DOCUMENTATION_COMMENTS = YES;
				CLANG_WARN_EMPTY_BODY = YES;
				CLANG_WARN_ENUM_CONVERSION = YES;
				CLANG_WARN_INFINITE_RECURSION = YES;
				CLANG_WARN_INT_CONVERSION = YES;
				CLANG_WARN_NON_LITERAL_NULL_CONVERSION = YES;
				CLANG_WARN_OBJC_IMPLICIT_RETAIN_SELF = YES;
				CLANG_WARN_OBJC_LITERAL_CONVERSION = YES;
				CLANG_WARN_OBJC_ROOT_CLASS = YES_ERROR;
				CLANG_WARN_RANGE_LOOP_ANALYSIS = YES;
				CLANG_WARN_STRICT_PROTOTYPES = YES;
				CLANG_WARN_SUSPICIOUS_MOVE = YES;
				CLANG_WARN_UNGUARDED_AVAILABILITY = YES_AGGRESSIVE;
				CLANG_WARN_UNREACHABLE_CODE = YES;
				CLANG_WARN__DUPLICATE_METHOD_MATCH = YES;
				COPY_PHASE_STRIP = NO;
				DEBUG_INFORMATION_FORMAT = dwarf;
				ENABLE_STRICT_OBJC_MSGSEND = YES;
				ENABLE_TESTABILITY = YES;
				GCC_C_LANGUAGE_STANDARD = gnu11;
				GCC_DYNAMIC_NO_PIC = NO;
				GCC_NO_COMMON_BLOCKS = YES;
				GCC_OPTIMIZATION_LEVEL = 0;
				GCC_PREPROCESSOR_DEFINITIONS = (
					"DEBUG=1",
					"$(inherited)",
				);
				GCC_WARN_64_TO_32_BIT_CONVERSION = YES;
				GCC_WARN_ABOUT_RETURN_TYPE = YES_ERROR;
				GCC_WARN_UNDECLARED_SELECTOR = YES;
				GCC_WARN_UNINITIALIZED_AUTOS = YES_AGGRESSIVE;
				GCC_WARN_UNUSED_FUNCTION = YES;
				GCC_WARN_UNUSED_VARIABLE = YES;
				IPHONEOS_DEPLOYMENT_TARGET = 13.2;
				MTL_ENABLE_DEBUG_INFO = INCLUDE_SOURCE;
				MTL_FAST_MATH = YES;
				ONLY_ACTIVE_ARCH = YES;
				SDKROOT = iphoneos;
				SWIFT_ACTIVE_COMPILATION_CONDITIONS = DEBUG;
				SWIFT_OPTIMIZATION_LEVEL = "-Onone";
			};
			name = Debug;
		};
		EEB2799A23B6332C0048933B /* Release */ = {
			isa = XCBuildConfiguration;
			buildSettings = {
				ALWAYS_SEARCH_USER_PATHS = NO;
				CLANG_ANALYZER_NONNULL = YES;
				CLANG_ANALYZER_NUMBER_OBJECT_CONVERSION = YES_AGGRESSIVE;
				CLANG_CXX_LANGUAGE_STANDARD = "gnu++14";
				CLANG_CXX_LIBRARY = "libc++";
				CLANG_ENABLE_MODULES = YES;
				CLANG_ENABLE_OBJC_ARC = YES;
				CLANG_ENABLE_OBJC_WEAK = YES;
				CLANG_WARN_BLOCK_CAPTURE_AUTORELEASING = YES;
				CLANG_WARN_BOOL_CONVERSION = YES;
				CLANG_WARN_COMMA = YES;
				CLANG_WARN_CONSTANT_CONVERSION = YES;
				CLANG_WARN_DEPRECATED_OBJC_IMPLEMENTATIONS = YES;
				CLANG_WARN_DIRECT_OBJC_ISA_USAGE = YES_ERROR;
				CLANG_WARN_DOCUMENTATION_COMMENTS = YES;
				CLANG_WARN_EMPTY_BODY = YES;
				CLANG_WARN_ENUM_CONVERSION = YES;
				CLANG_WARN_INFINITE_RECURSION = YES;
				CLANG_WARN_INT_CONVERSION = YES;
				CLANG_WARN_NON_LITERAL_NULL_CONVERSION = YES;
				CLANG_WARN_OBJC_IMPLICIT_RETAIN_SELF = YES;
				CLANG_WARN_OBJC_LITERAL_CONVERSION = YES;
				CLANG_WARN_OBJC_ROOT_CLASS = YES_ERROR;
				CLANG_WARN_RANGE_LOOP_ANALYSIS = YES;
				CLANG_WARN_STRICT_PROTOTYPES = YES;
				CLANG_WARN_SUSPICIOUS_MOVE = YES;
				CLANG_WARN_UNGUARDED_AVAILABILITY = YES_AGGRESSIVE;
				CLANG_WARN_UNREACHABLE_CODE = YES;
				CLANG_WARN__DUPLICATE_METHOD_MATCH = YES;
				COPY_PHASE_STRIP = NO;
				DEBUG_INFORMATION_FORMAT = "dwarf-with-dsym";
				ENABLE_NS_ASSERTIONS = NO;
				ENABLE_STRICT_OBJC_MSGSEND = YES;
				GCC_C_LANGUAGE_STANDARD = gnu11;
				GCC_NO_COMMON_BLOCKS = YES;
				GCC_WARN_64_TO_32_BIT_CONVERSION = YES;
				GCC_WARN_ABOUT_RETURN_TYPE = YES_ERROR;
				GCC_WARN_UNDECLARED_SELECTOR = YES;
				GCC_WARN_UNINITIALIZED_AUTOS = YES_AGGRESSIVE;
				GCC_WARN_UNUSED_FUNCTION = YES;
				GCC_WARN_UNUSED_VARIABLE = YES;
				IPHONEOS_DEPLOYMENT_TARGET = 13.2;
				MTL_ENABLE_DEBUG_INFO = NO;
				MTL_FAST_MATH = YES;
				SDKROOT = iphoneos;
				SWIFT_COMPILATION_MODE = wholemodule;
				SWIFT_OPTIMIZATION_LEVEL = "-O";
				VALIDATE_PRODUCT = YES;
			};
			name = Release;
		};
		EEB2799C23B6332C0048933B /* Debug */ = {
			isa = XCBuildConfiguration;
			baseConfigurationReference = 8DCE627B101CEB6C57112781 /* Pods-saoriChef.debug.xcconfig */;
			buildSettings = {
				ASSETCATALOG_COMPILER_APPICON_NAME = AppIcon;
				CODE_SIGN_STYLE = Manual;
				CURRENT_PROJECT_VERSION = 0.0.1;
				DEVELOPMENT_TEAM = "";
				INFOPLIST_FILE = "$(SRCROOT)/saoriChef/Info.plist";
				IPHONEOS_DEPLOYMENT_TARGET = 13.0;
				LD_RUNPATH_SEARCH_PATHS = (
					"$(inherited)",
					"@executable_path/Frameworks",
				);
				MARKETING_VERSION = 0.0.1;
				PRODUCT_BUNDLE_IDENTIFIER = ym.Saorichef;
				PRODUCT_NAME = saoriChef;
				PROVISIONING_PROFILE_SPECIFIER = "";
				SWIFT_VERSION = 4.2;
				TARGETED_DEVICE_FAMILY = 1;
			};
			name = Debug;
		};
		EEB2799D23B6332C0048933B /* Release */ = {
			isa = XCBuildConfiguration;
			baseConfigurationReference = B3E4476B3CF0B3706E65D46C /* Pods-saoriChef.release.xcconfig */;
			buildSettings = {
				ASSETCATALOG_COMPILER_APPICON_NAME = AppIcon;
				CODE_SIGN_STYLE = Manual;
				CURRENT_PROJECT_VERSION = 0.0.1;
				DEVELOPMENT_TEAM = "";
				INFOPLIST_FILE = "$(SRCROOT)/saoriChef/Info.plist";
				IPHONEOS_DEPLOYMENT_TARGET = 13.0;
				LD_RUNPATH_SEARCH_PATHS = (
					"$(inherited)",
					"@executable_path/Frameworks",
				);
				MARKETING_VERSION = 0.0.1;
				PRODUCT_BUNDLE_IDENTIFIER = ym.Saorichef;
				PRODUCT_NAME = saoriChef;
				PROVISIONING_PROFILE_SPECIFIER = "";
				SWIFT_VERSION = 4.2;
				TARGETED_DEVICE_FAMILY = 1;
			};
			name = Release;
		};
/* End XCBuildConfiguration section */

/* Begin XCConfigurationList section */
		EEB2798223B633260048933B /* Build configuration list for PBXProject "saoriChef" */ = {
			isa = XCConfigurationList;
			buildConfigurations = (
				EEB2799923B6332C0048933B /* Debug */,
				EEB2799A23B6332C0048933B /* Release */,
			);
			defaultConfigurationIsVisible = 0;
			defaultConfigurationName = Release;
		};
		EEB2799B23B6332C0048933B /* Build configuration list for PBXNativeTarget "saoriChef" */ = {
			isa = XCConfigurationList;
			buildConfigurations = (
				EEB2799C23B6332C0048933B /* Debug */,
				EEB2799D23B6332C0048933B /* Release */,
			);
			defaultConfigurationIsVisible = 0;
			defaultConfigurationName = Release;
		};
/* End XCConfigurationList section */
	};
	rootObject = EEB2797F23B633260048933B /* Project object */;
}
