// !$*UTF8*$!
{
	archiveVersion = 1;
	classes = {
	};
	objectVersion = 50;
	objects = {

/* Begin PBXBuildFile section */
		2202C72423B660F9007EBDDB /* MainView.m in Sources */ = {isa = PBXBuildFile; fileRef = 2202C72323B660F9007EBDDB /* MainView.m */; };
		2202C72623B66131007EBDDB /* MainView.xib in Resources */ = {isa = PBXBuildFile; fileRef = 2202C72523B66131007EBDDB /* MainView.xib */; };
		2202C72923B6645B007EBDDB /* MainViewController.m in Sources */ = {isa = PBXBuildFile; fileRef = 2202C72823B6645B007EBDDB /* MainViewController.m */; };
		2202C73023B89C0C007EBDDB /* RecipeSearchView.m in Sources */ = {isa = PBXBuildFile; fileRef = 2202C72F23B89C0C007EBDDB /* RecipeSearchView.m */; };
		2202C73223B89C33007EBDDB /* RecipeSearchView.xib in Resources */ = {isa = PBXBuildFile; fileRef = 2202C73123B89C33007EBDDB /* RecipeSearchView.xib */; };
		2202C73523B89CC7007EBDDB /* RecipeSearchViewController.m in Sources */ = {isa = PBXBuildFile; fileRef = 2202C73423B89CC7007EBDDB /* RecipeSearchViewController.m */; };
		229D349323A67BC500740904 /* AppDelegate.m in Sources */ = {isa = PBXBuildFile; fileRef = 229D349223A67BC500740904 /* AppDelegate.m */; };
		229D349623A67BC500740904 /* SceneDelegate.m in Sources */ = {isa = PBXBuildFile; fileRef = 229D349523A67BC500740904 /* SceneDelegate.m */; };
		229D349923A67BC500740904 /* ViewController.m in Sources */ = {isa = PBXBuildFile; fileRef = 229D349823A67BC500740904 /* ViewController.m */; };
		229D349C23A67BC500740904 /* Main.storyboard in Resources */ = {isa = PBXBuildFile; fileRef = 229D349A23A67BC500740904 /* Main.storyboard */; };
		229D349E23A67BCD00740904 /* Assets.xcassets in Resources */ = {isa = PBXBuildFile; fileRef = 229D349D23A67BCD00740904 /* Assets.xcassets */; };
		229D34A123A67BCD00740904 /* LaunchScreen.storyboard in Resources */ = {isa = PBXBuildFile; fileRef = 229D349F23A67BCD00740904 /* LaunchScreen.storyboard */; };
		229D34A423A67BCD00740904 /* main.m in Sources */ = {isa = PBXBuildFile; fileRef = 229D34A323A67BCD00740904 /* main.m */; };
		229D34B123A67C8C00740904 /* LoginViewController.m in Sources */ = {isa = PBXBuildFile; fileRef = 229D34AF23A67C8C00740904 /* LoginViewController.m */; };
		229D34B223A67C8C00740904 /* LoginViewController.xib in Resources */ = {isa = PBXBuildFile; fileRef = 229D34B023A67C8C00740904 /* LoginViewController.xib */; };
/* End PBXBuildFile section */

/* Begin PBXFileReference section */
		2202C72223B660F9007EBDDB /* MainView.h */ = {isa = PBXFileReference; lastKnownFileType = sourcecode.c.h; path = MainView.h; sourceTree = "<group>"; };
		2202C72323B660F9007EBDDB /* MainView.m */ = {isa = PBXFileReference; lastKnownFileType = sourcecode.c.objc; path = MainView.m; sourceTree = "<group>"; };
		2202C72523B66131007EBDDB /* MainView.xib */ = {isa = PBXFileReference; lastKnownFileType = file.xib; path = MainView.xib; sourceTree = "<group>"; };
		2202C72723B6645B007EBDDB /* MainViewController.h */ = {isa = PBXFileReference; lastKnownFileType = sourcecode.c.h; path = MainViewController.h; sourceTree = "<group>"; };
		2202C72823B6645B007EBDDB /* MainViewController.m */ = {isa = PBXFileReference; lastKnownFileType = sourcecode.c.objc; path = MainViewController.m; sourceTree = "<group>"; };
		2202C72E23B89C0C007EBDDB /* RecipeSearchView.h */ = {isa = PBXFileReference; lastKnownFileType = sourcecode.c.h; path = RecipeSearchView.h; sourceTree = "<group>"; };
		2202C72F23B89C0C007EBDDB /* RecipeSearchView.m */ = {isa = PBXFileReference; lastKnownFileType = sourcecode.c.objc; path = RecipeSearchView.m; sourceTree = "<group>"; };
		2202C73123B89C33007EBDDB /* RecipeSearchView.xib */ = {isa = PBXFileReference; lastKnownFileType = file.xib; path = RecipeSearchView.xib; sourceTree = "<group>"; };
		2202C73323B89CC7007EBDDB /* RecipeSearchViewController.h */ = {isa = PBXFileReference; lastKnownFileType = sourcecode.c.h; path = RecipeSearchViewController.h; sourceTree = "<group>"; };
		2202C73423B89CC7007EBDDB /* RecipeSearchViewController.m */ = {isa = PBXFileReference; lastKnownFileType = sourcecode.c.objc; path = RecipeSearchViewController.m; sourceTree = "<group>"; };
		229D348E23A67BC500740904 /* SaoriChef.app */ = {isa = PBXFileReference; explicitFileType = wrapper.application; includeInIndex = 0; path = SaoriChef.app; sourceTree = BUILT_PRODUCTS_DIR; };
		229D349123A67BC500740904 /* AppDelegate.h */ = {isa = PBXFileReference; lastKnownFileType = sourcecode.c.h; path = AppDelegate.h; sourceTree = "<group>"; };
		229D349223A67BC500740904 /* AppDelegate.m */ = {isa = PBXFileReference; lastKnownFileType = sourcecode.c.objc; path = AppDelegate.m; sourceTree = "<group>"; };
		229D349423A67BC500740904 /* SceneDelegate.h */ = {isa = PBXFileReference; lastKnownFileType = sourcecode.c.h; path = SceneDelegate.h; sourceTree = "<group>"; };
		229D349523A67BC500740904 /* SceneDelegate.m */ = {isa = PBXFileReference; lastKnownFileType = sourcecode.c.objc; path = SceneDelegate.m; sourceTree = "<group>"; };
		229D349723A67BC500740904 /* ViewController.h */ = {isa = PBXFileReference; lastKnownFileType = sourcecode.c.h; path = ViewController.h; sourceTree = "<group>"; };
		229D349823A67BC500740904 /* ViewController.m */ = {isa = PBXFileReference; lastKnownFileType = sourcecode.c.objc; path = ViewController.m; sourceTree = "<group>"; };
		229D349B23A67BC500740904 /* Base */ = {isa = PBXFileReference; lastKnownFileType = file.storyboard; name = Base; path = Base.lproj/Main.storyboard; sourceTree = "<group>"; };
		229D349D23A67BCD00740904 /* Assets.xcassets */ = {isa = PBXFileReference; lastKnownFileType = folder.assetcatalog; path = Assets.xcassets; sourceTree = "<group>"; };
		229D34A023A67BCD00740904 /* Base */ = {isa = PBXFileReference; lastKnownFileType = file.storyboard; name = Base; path = Base.lproj/LaunchScreen.storyboard; sourceTree = "<group>"; };
		229D34A223A67BCD00740904 /* Info.plist */ = {isa = PBXFileReference; lastKnownFileType = text.plist.xml; path = Info.plist; sourceTree = "<group>"; };
		229D34A323A67BCD00740904 /* main.m */ = {isa = PBXFileReference; lastKnownFileType = sourcecode.c.objc; path = main.m; sourceTree = "<group>"; };
		229D34AE23A67C8C00740904 /* LoginViewController.h */ = {isa = PBXFileReference; lastKnownFileType = sourcecode.c.h; path = LoginViewController.h; sourceTree = "<group>"; };
		229D34AF23A67C8C00740904 /* LoginViewController.m */ = {isa = PBXFileReference; lastKnownFileType = sourcecode.c.objc; path = LoginViewController.m; sourceTree = "<group>"; };
		229D34B023A67C8C00740904 /* LoginViewController.xib */ = {isa = PBXFileReference; lastKnownFileType = file.xib; path = LoginViewController.xib; sourceTree = "<group>"; };
/* End PBXFileReference section */

/* Begin PBXFrameworksBuildPhase section */
		229D348B23A67BC500740904 /* Frameworks */ = {
			isa = PBXFrameworksBuildPhase;
			buildActionMask = 2147483647;
			files = (
			);
			runOnlyForDeploymentPostprocessing = 0;
		};
/* End PBXFrameworksBuildPhase section */

/* Begin PBXGroup section */
		2202C71E23B66046007EBDDB /* Main */ = {
			isa = PBXGroup;
			children = (
				2202C72A23B89B48007EBDDB /* Popup */,
				2202C72123B66081007EBDDB /* Model */,
				2202C72023B6606D007EBDDB /* View */,
				2202C71F23B66052007EBDDB /* Controller */,
			);
			path = Main;
			sourceTree = "<group>";
		};
		2202C71F23B66052007EBDDB /* Controller */ = {
			isa = PBXGroup;
			children = (
				2202C72723B6645B007EBDDB /* MainViewController.h */,
				2202C72823B6645B007EBDDB /* MainViewController.m */,
			);
			path = Controller;
			sourceTree = "<group>";
		};
		2202C72023B6606D007EBDDB /* View */ = {
			isa = PBXGroup;
			children = (
				2202C72223B660F9007EBDDB /* MainView.h */,
				2202C72323B660F9007EBDDB /* MainView.m */,
				2202C72523B66131007EBDDB /* MainView.xib */,
			);
			path = View;
			sourceTree = "<group>";
		};
		2202C72123B66081007EBDDB /* Model */ = {
			isa = PBXGroup;
			children = (
			);
			path = Model;
			sourceTree = "<group>";
		};
		2202C72A23B89B48007EBDDB /* Popup */ = {
			isa = PBXGroup;
			children = (
				2202C72B23B89B60007EBDDB /* Model */,
				2202C72C23B89B69007EBDDB /* View */,
				2202C72D23B89B73007EBDDB /* Controller */,
			);
			path = Popup;
			sourceTree = "<group>";
		};
		2202C72B23B89B60007EBDDB /* Model */ = {
			isa = PBXGroup;
			children = (
			);
			path = Model;
			sourceTree = "<group>";
		};
		2202C72C23B89B69007EBDDB /* View */ = {
			isa = PBXGroup;
			children = (
				2202C72E23B89C0C007EBDDB /* RecipeSearchView.h */,
				2202C72F23B89C0C007EBDDB /* RecipeSearchView.m */,
				2202C73123B89C33007EBDDB /* RecipeSearchView.xib */,
			);
			path = View;
			sourceTree = "<group>";
		};
		2202C72D23B89B73007EBDDB /* Controller */ = {
			isa = PBXGroup;
			children = (
				2202C73323B89CC7007EBDDB /* RecipeSearchViewController.h */,
				2202C73423B89CC7007EBDDB /* RecipeSearchViewController.m */,
			);
			path = Controller;
			sourceTree = "<group>";
		};
		229D348523A67BC500740904 = {
			isa = PBXGroup;
			children = (
				229D349023A67BC500740904 /* SaoriChef */,
				229D348F23A67BC500740904 /* Products */,
			);
			sourceTree = "<group>";
		};
		229D348F23A67BC500740904 /* Products */ = {
			isa = PBXGroup;
			children = (
				229D348E23A67BC500740904 /* SaoriChef.app */,
			);
			name = Products;
			sourceTree = "<group>";
		};
		229D349023A67BC500740904 /* SaoriChef */ = {
			isa = PBXGroup;
			children = (
				229D34AC23A67C1D00740904 /* Common */,
				229D34AB23A67C0500740904 /* Resource */,
				229D34AA23A67BEC00740904 /* Class */,
				229D349123A67BC500740904 /* AppDelegate.h */,
				229D349223A67BC500740904 /* AppDelegate.m */,
				229D349423A67BC500740904 /* SceneDelegate.h */,
				229D349523A67BC500740904 /* SceneDelegate.m */,
				229D349723A67BC500740904 /* ViewController.h */,
				229D349823A67BC500740904 /* ViewController.m */,
				229D349A23A67BC500740904 /* Main.storyboard */,
				229D349D23A67BCD00740904 /* Assets.xcassets */,
				229D349F23A67BCD00740904 /* LaunchScreen.storyboard */,
				229D34A223A67BCD00740904 /* Info.plist */,
				229D34A323A67BCD00740904 /* main.m */,
			);
			path = SaoriChef;
			sourceTree = "<group>";
		};
		229D34AA23A67BEC00740904 /* Class */ = {
			isa = PBXGroup;
			children = (
				2202C71E23B66046007EBDDB /* Main */,
				229D34AD23A67C5000740904 /* Login */,
			);
			path = Class;
			sourceTree = "<group>";
		};
		229D34AB23A67C0500740904 /* Resource */ = {
			isa = PBXGroup;
			children = (
			);
			path = Resource;
			sourceTree = "<group>";
		};
		229D34AC23A67C1D00740904 /* Common */ = {
			isa = PBXGroup;
			children = (
			);
			path = Common;
			sourceTree = "<group>";
		};
		229D34AD23A67C5000740904 /* Login */ = {
			isa = PBXGroup;
			children = (
				22DD034E23B64D5C00D99C5C /* Model */,
				22DD034F23B64D9500D99C5C /* View */,
				22DD035023B64DA200D99C5C /* Controller */,
			);
			path = Login;
			sourceTree = "<group>";
		};
		22DD034E23B64D5C00D99C5C /* Model */ = {
			isa = PBXGroup;
			children = (
			);
			path = Model;
			sourceTree = "<group>";
		};
		22DD034F23B64D9500D99C5C /* View */ = {
			isa = PBXGroup;
			children = (
				229D34B023A67C8C00740904 /* LoginViewController.xib */,
			);
			path = View;
			sourceTree = "<group>";
		};
		22DD035023B64DA200D99C5C /* Controller */ = {
			isa = PBXGroup;
			children = (
				229D34AE23A67C8C00740904 /* LoginViewController.h */,
				229D34AF23A67C8C00740904 /* LoginViewController.m */,
			);
			path = Controller;
			sourceTree = "<group>";
		};
/* End PBXGroup section */

/* Begin PBXNativeTarget section */
		229D348D23A67BC500740904 /* SaoriChef */ = {
			isa = PBXNativeTarget;
			buildConfigurationList = 229D34A723A67BCD00740904 /* Build configuration list for PBXNativeTarget "SaoriChef" */;
			buildPhases = (
				229D348A23A67BC500740904 /* Sources */,
				229D348B23A67BC500740904 /* Frameworks */,
				229D348C23A67BC500740904 /* Resources */,
			);
			buildRules = (
			);
			dependencies = (
			);
			name = SaoriChef;
			productName = SaoriChef;
			productReference = 229D348E23A67BC500740904 /* SaoriChef.app */;
			productType = "com.apple.product-type.application";
		};
/* End PBXNativeTarget section */

/* Begin PBXProject section */
		229D348623A67BC500740904 /* Project object */ = {
			isa = PBXProject;
			attributes = {
				LastUpgradeCheck = 1110;
				ORGANIZATIONNAME = "やまぐち　さおり";
				TargetAttributes = {
					229D348D23A67BC500740904 = {
						CreatedOnToolsVersion = 11.1;
					};
				};
			};
			buildConfigurationList = 229D348923A67BC500740904 /* Build configuration list for PBXProject "SaoriChef" */;
			compatibilityVersion = "Xcode 9.3";
			developmentRegion = en;
			hasScannedForEncodings = 0;
			knownRegions = (
				en,
				Base,
			);
			mainGroup = 229D348523A67BC500740904;
			productRefGroup = 229D348F23A67BC500740904 /* Products */;
			projectDirPath = "";
			projectRoot = "";
			targets = (
				229D348D23A67BC500740904 /* SaoriChef */,
			);
		};
/* End PBXProject section */

/* Begin PBXResourcesBuildPhase section */
		229D348C23A67BC500740904 /* Resources */ = {
			isa = PBXResourcesBuildPhase;
			buildActionMask = 2147483647;
			files = (
				229D34B223A67C8C00740904 /* LoginViewController.xib in Resources */,
				229D34A123A67BCD00740904 /* LaunchScreen.storyboard in Resources */,
				229D349E23A67BCD00740904 /* Assets.xcassets in Resources */,
				229D349C23A67BC500740904 /* Main.storyboard in Resources */,
				2202C73223B89C33007EBDDB /* RecipeSearchView.xib in Resources */,
				2202C72623B66131007EBDDB /* MainView.xib in Resources */,
			);
			runOnlyForDeploymentPostprocessing = 0;
		};
/* End PBXResourcesBuildPhase section */

/* Begin PBXSourcesBuildPhase section */
		229D348A23A67BC500740904 /* Sources */ = {
			isa = PBXSourcesBuildPhase;
			buildActionMask = 2147483647;
			files = (
				229D349923A67BC500740904 /* ViewController.m in Sources */,
				229D349323A67BC500740904 /* AppDelegate.m in Sources */,
				229D34A423A67BCD00740904 /* main.m in Sources */,
				229D349623A67BC500740904 /* SceneDelegate.m in Sources */,
				2202C73523B89CC7007EBDDB /* RecipeSearchViewController.m in Sources */,
				2202C72923B6645B007EBDDB /* MainViewController.m in Sources */,
				229D34B123A67C8C00740904 /* LoginViewController.m in Sources */,
				2202C73023B89C0C007EBDDB /* RecipeSearchView.m in Sources */,
				2202C72423B660F9007EBDDB /* MainView.m in Sources */,
			);
			runOnlyForDeploymentPostprocessing = 0;
		};
/* End PBXSourcesBuildPhase section */

/* Begin PBXVariantGroup section */
		229D349A23A67BC500740904 /* Main.storyboard */ = {
			isa = PBXVariantGroup;
			children = (
				229D349B23A67BC500740904 /* Base */,
			);
			name = Main.storyboard;
			sourceTree = "<group>";
		};
		229D349F23A67BCD00740904 /* LaunchScreen.storyboard */ = {
			isa = PBXVariantGroup;
			children = (
				229D34A023A67BCD00740904 /* Base */,
			);
			name = LaunchScreen.storyboard;
			sourceTree = "<group>";
		};
/* End PBXVariantGroup section */

/* Begin XCBuildConfiguration section */
		229D34A523A67BCD00740904 /* Debug */ = {
			isa = XCBuildConfiguration;
			buildSettings = {
				ALWAYS_SEARCH_USER_PATHS = NO;
				CLANG_ANALYZER_NONNULL = YES;
				CLANG_ANALYZER_NUMBER_OBJECT_CONVERSION = YES_AGGRESSIVE;
				CLANG_CXX_LANGUAGE_STANDARD = "gnu++14";
				CLANG_CXX_LIBRARY = "libc++";
				CLANG_ENABLE_MODULES = YES;
				CLANG_ENABLE_OBJC_ARC = YES;
				CLANG_ENABLE_OBJC_WEAK = YES;
				CLANG_WARN_BLOCK_CAPTURE_AUTORELEASING = YES;
				CLANG_WARN_BOOL_CONVERSION = YES;
				CLANG_WARN_COMMA = YES;
				CLANG_WARN_CONSTANT_CONVERSION = YES;
				CLANG_WARN_DEPRECATED_OBJC_IMPLEMENTATIONS = YES;
				CLANG_WARN_DIRECT_OBJC_ISA_USAGE = YES_ERROR;
				CLANG_WARN_DOCUMENTATION_COMMENTS = YES;
				CLANG_WARN_EMPTY_BODY = YES;
				CLANG_WARN_ENUM_CONVERSION = YES;
				CLANG_WARN_INFINITE_RECURSION = YES;
				CLANG_WARN_INT_CONVERSION = YES;
				CLANG_WARN_NON_LITERAL_NULL_CONVERSION = YES;
				CLANG_WARN_OBJC_IMPLICIT_RETAIN_SELF = YES;
				CLANG_WARN_OBJC_LITERAL_CONVERSION = YES;
				CLANG_WARN_OBJC_ROOT_CLASS = YES_ERROR;
				CLANG_WARN_RANGE_LOOP_ANALYSIS = YES;
				CLANG_WARN_STRICT_PROTOTYPES = YES;
				CLANG_WARN_SUSPICIOUS_MOVE = YES;
				CLANG_WARN_UNGUARDED_AVAILABILITY = YES_AGGRESSIVE;
				CLANG_WARN_UNREACHABLE_CODE = YES;
				CLANG_WARN__DUPLICATE_METHOD_MATCH = YES;
				COPY_PHASE_STRIP = NO;
				DEBUG_INFORMATION_FORMAT = dwarf;
				ENABLE_STRICT_OBJC_MSGSEND = YES;
				ENABLE_TESTABILITY = YES;
				GCC_C_LANGUAGE_STANDARD = gnu11;
				GCC_DYNAMIC_NO_PIC = NO;
				GCC_NO_COMMON_BLOCKS = YES;
				GCC_OPTIMIZATION_LEVEL = 0;
				GCC_PREPROCESSOR_DEFINITIONS = (
					"DEBUG=1",
					"$(inherited)",
				);
				GCC_WARN_64_TO_32_BIT_CONVERSION = YES;
				GCC_WARN_ABOUT_RETURN_TYPE = YES_ERROR;
				GCC_WARN_UNDECLARED_SELECTOR = YES;
				GCC_WARN_UNINITIALIZED_AUTOS = YES_AGGRESSIVE;
				GCC_WARN_UNUSED_FUNCTION = YES;
				GCC_WARN_UNUSED_VARIABLE = YES;
				IPHONEOS_DEPLOYMENT_TARGET = 13.1;
				MTL_ENABLE_DEBUG_INFO = INCLUDE_SOURCE;
				MTL_FAST_MATH = YES;
				ONLY_ACTIVE_ARCH = YES;
				SDKROOT = iphoneos;
			};
			name = Debug;
		};
		229D34A623A67BCD00740904 /* Release */ = {
			isa = XCBuildConfiguration;
			buildSettings = {
				ALWAYS_SEARCH_USER_PATHS = NO;
				CLANG_ANALYZER_NONNULL = YES;
				CLANG_ANALYZER_NUMBER_OBJECT_CONVERSION = YES_AGGRESSIVE;
				CLANG_CXX_LANGUAGE_STANDARD = "gnu++14";
				CLANG_CXX_LIBRARY = "libc++";
				CLANG_ENABLE_MODULES = YES;
				CLANG_ENABLE_OBJC_ARC = YES;
				CLANG_ENABLE_OBJC_WEAK = YES;
				CLANG_WARN_BLOCK_CAPTURE_AUTORELEASING = YES;
				CLANG_WARN_BOOL_CONVERSION = YES;
				CLANG_WARN_COMMA = YES;
				CLANG_WARN_CONSTANT_CONVERSION = YES;
				CLANG_WARN_DEPRECATED_OBJC_IMPLEMENTATIONS = YES;
				CLANG_WARN_DIRECT_OBJC_ISA_USAGE = YES_ERROR;
				CLANG_WARN_DOCUMENTATION_COMMENTS = YES;
				CLANG_WARN_EMPTY_BODY = YES;
				CLANG_WARN_ENUM_CONVERSION = YES;
				CLANG_WARN_INFINITE_RECURSION = YES;
				CLANG_WARN_INT_CONVERSION = YES;
				CLANG_WARN_NON_LITERAL_NULL_CONVERSION = YES;
				CLANG_WARN_OBJC_IMPLICIT_RETAIN_SELF = YES;
				CLANG_WARN_OBJC_LITERAL_CONVERSION = YES;
				CLANG_WARN_OBJC_ROOT_CLASS = YES_ERROR;
				CLANG_WARN_RANGE_LOOP_ANALYSIS = YES;
				CLANG_WARN_STRICT_PROTOTYPES = YES;
				CLANG_WARN_SUSPICIOUS_MOVE = YES;
				CLANG_WARN_UNGUARDED_AVAILABILITY = YES_AGGRESSIVE;
				CLANG_WARN_UNREACHABLE_CODE = YES;
				CLANG_WARN__DUPLICATE_METHOD_MATCH = YES;
				COPY_PHASE_STRIP = NO;
				DEBUG_INFORMATION_FORMAT = "dwarf-with-dsym";
				ENABLE_NS_ASSERTIONS = NO;
				ENABLE_STRICT_OBJC_MSGSEND = YES;
				GCC_C_LANGUAGE_STANDARD = gnu11;
				GCC_NO_COMMON_BLOCKS = YES;
				GCC_WARN_64_TO_32_BIT_CONVERSION = YES;
				GCC_WARN_ABOUT_RETURN_TYPE = YES_ERROR;
				GCC_WARN_UNDECLARED_SELECTOR = YES;
				GCC_WARN_UNINITIALIZED_AUTOS = YES_AGGRESSIVE;
				GCC_WARN_UNUSED_FUNCTION = YES;
				GCC_WARN_UNUSED_VARIABLE = YES;
				IPHONEOS_DEPLOYMENT_TARGET = 13.1;
				MTL_ENABLE_DEBUG_INFO = NO;
				MTL_FAST_MATH = YES;
				SDKROOT = iphoneos;
				VALIDATE_PRODUCT = YES;
			};
			name = Release;
		};
		229D34A823A67BCD00740904 /* Debug */ = {
			isa = XCBuildConfiguration;
			buildSettings = {
				ASSETCATALOG_COMPILER_APPICON_NAME = AppIcon;
				CODE_SIGN_STYLE = Automatic;
				DEVELOPMENT_TEAM = NHSBS7UY6G;
				INFOPLIST_FILE = SaoriChef/Info.plist;
				LD_RUNPATH_SEARCH_PATHS = (
					"$(inherited)",
					"@executable_path/Frameworks",
				);
				PRODUCT_BUNDLE_IDENTIFIER = saoriCompany.SaoriChef;
				PRODUCT_NAME = "$(TARGET_NAME)";
				TARGETED_DEVICE_FAMILY = 1;
			};
			name = Debug;
		};
		229D34A923A67BCD00740904 /* Release */ = {
			isa = XCBuildConfiguration;
			buildSettings = {
				ASSETCATALOG_COMPILER_APPICON_NAME = AppIcon;
				CODE_SIGN_STYLE = Automatic;
				DEVELOPMENT_TEAM = NHSBS7UY6G;
				INFOPLIST_FILE = SaoriChef/Info.plist;
				LD_RUNPATH_SEARCH_PATHS = (
					"$(inherited)",
					"@executable_path/Frameworks",
				);
				PRODUCT_BUNDLE_IDENTIFIER = saoriCompany.SaoriChef;
				PRODUCT_NAME = "$(TARGET_NAME)";
				TARGETED_DEVICE_FAMILY = 1;
			};
			name = Release;
		};
/* End XCBuildConfiguration section */

/* Begin XCConfigurationList section */
		229D348923A67BC500740904 /* Build configuration list for PBXProject "SaoriChef" */ = {
			isa = XCConfigurationList;
			buildConfigurations = (
				229D34A523A67BCD00740904 /* Debug */,
				229D34A623A67BCD00740904 /* Release */,
			);
			defaultConfigurationIsVisible = 0;
			defaultConfigurationName = Release;
		};
		229D34A723A67BCD00740904 /* Build configuration list for PBXNativeTarget "SaoriChef" */ = {
			isa = XCConfigurationList;
			buildConfigurations = (
				229D34A823A67BCD00740904 /* Debug */,
				229D34A923A67BCD00740904 /* Release */,
			);
			defaultConfigurationIsVisible = 0;
			defaultConfigurationName = Release;
		};
/* End XCConfigurationList section */
	};
	rootObject = 229D348623A67BC500740904 /* Project object */;
}
